// !$*UTF8*$!
{
	archiveVersion = 1;
	classes = {
	};
	objectVersion = 56;
	objects = {

/* Begin PBXBuildFile section */
		A0C0B50929508D840081AFFD /* AppDelegate.swift in Sources */ = {isa = PBXBuildFile; fileRef = A0C0B50829508D840081AFFD /* AppDelegate.swift */; };
		A0C0B50B29508D840081AFFD /* SceneDelegate.swift in Sources */ = {isa = PBXBuildFile; fileRef = A0C0B50A29508D840081AFFD /* SceneDelegate.swift */; };
		A0C0B50D29508D840081AFFD /* ViewController.swift in Sources */ = {isa = PBXBuildFile; fileRef = A0C0B50C29508D840081AFFD /* ViewController.swift */; };
		A0C0B51029508D840081AFFD /* Main.storyboard in Resources */ = {isa = PBXBuildFile; fileRef = A0C0B50E29508D840081AFFD /* Main.storyboard */; };
		A0C0B51329508D840081AFFD /* iOSReferenceApp.xcdatamodeld in Sources */ = {isa = PBXBuildFile; fileRef = A0C0B51129508D840081AFFD /* iOSReferenceApp.xcdatamodeld */; };
		A0C0B51529508D870081AFFD /* Assets.xcassets in Resources */ = {isa = PBXBuildFile; fileRef = A0C0B51429508D870081AFFD /* Assets.xcassets */; };
		A0C0B51829508D870081AFFD /* LaunchScreen.storyboard in Resources */ = {isa = PBXBuildFile; fileRef = A0C0B51629508D870081AFFD /* LaunchScreen.storyboard */; };
		A0C0B52329508D870081AFFD /* iOSReferenceAppTests.swift in Sources */ = {isa = PBXBuildFile; fileRef = A0C0B52229508D870081AFFD /* iOSReferenceAppTests.swift */; };
		A0C0B52D29508D870081AFFD /* iOSReferenceAppUITests.swift in Sources */ = {isa = PBXBuildFile; fileRef = A0C0B52C29508D870081AFFD /* iOSReferenceAppUITests.swift */; };
		A0C0B52F29508D870081AFFD /* iOSReferenceAppUITestsLaunchTests.swift in Sources */ = {isa = PBXBuildFile; fileRef = A0C0B52E29508D870081AFFD /* iOSReferenceAppUITestsLaunchTests.swift */; };
/* End PBXBuildFile section */

/* Begin PBXContainerItemProxy section */
		A0C0B51F29508D870081AFFD /* PBXContainerItemProxy */ = {
			isa = PBXContainerItemProxy;
			containerPortal = A0C0B4FD29508D840081AFFD /* Project object */;
			proxyType = 1;
			remoteGlobalIDString = A0C0B50429508D840081AFFD;
			remoteInfo = iOSReferenceApp;
		};
		A0C0B52929508D870081AFFD /* PBXContainerItemProxy */ = {
			isa = PBXContainerItemProxy;
			containerPortal = A0C0B4FD29508D840081AFFD /* Project object */;
			proxyType = 1;
			remoteGlobalIDString = A0C0B50429508D840081AFFD;
			remoteInfo = iOSReferenceApp;
		};
/* End PBXContainerItemProxy section */

/* Begin PBXFileReference section */
		A0C0B50529508D840081AFFD /* iOSReferenceApp.app */ = {isa = PBXFileReference; explicitFileType = wrapper.application; includeInIndex = 0; path = iOSReferenceApp.app; sourceTree = BUILT_PRODUCTS_DIR; };
		A0C0B50829508D840081AFFD /* AppDelegate.swift */ = {isa = PBXFileReference; lastKnownFileType = sourcecode.swift; path = AppDelegate.swift; sourceTree = "<group>"; };
		A0C0B50A29508D840081AFFD /* SceneDelegate.swift */ = {isa = PBXFileReference; lastKnownFileType = sourcecode.swift; path = SceneDelegate.swift; sourceTree = "<group>"; };
		A0C0B50C29508D840081AFFD /* ViewController.swift */ = {isa = PBXFileReference; lastKnownFileType = sourcecode.swift; path = ViewController.swift; sourceTree = "<group>"; };
		A0C0B50F29508D840081AFFD /* Base */ = {isa = PBXFileReference; lastKnownFileType = file.storyboard; name = Base; path = Base.lproj/Main.storyboard; sourceTree = "<group>"; };
		A0C0B51229508D840081AFFD /* iOSReferenceApp.xcdatamodel */ = {isa = PBXFileReference; lastKnownFileType = wrapper.xcdatamodel; path = iOSReferenceApp.xcdatamodel; sourceTree = "<group>"; };
		A0C0B51429508D870081AFFD /* Assets.xcassets */ = {isa = PBXFileReference; lastKnownFileType = folder.assetcatalog; path = Assets.xcassets; sourceTree = "<group>"; };
		A0C0B51729508D870081AFFD /* Base */ = {isa = PBXFileReference; lastKnownFileType = file.storyboard; name = Base; path = Base.lproj/LaunchScreen.storyboard; sourceTree = "<group>"; };
		A0C0B51929508D870081AFFD /* Info.plist */ = {isa = PBXFileReference; lastKnownFileType = text.plist.xml; path = Info.plist; sourceTree = "<group>"; };
		A0C0B51E29508D870081AFFD /* iOSReferenceAppTests.xctest */ = {isa = PBXFileReference; explicitFileType = wrapper.cfbundle; includeInIndex = 0; path = iOSReferenceAppTests.xctest; sourceTree = BUILT_PRODUCTS_DIR; };
		A0C0B52229508D870081AFFD /* iOSReferenceAppTests.swift */ = {isa = PBXFileReference; lastKnownFileType = sourcecode.swift; path = iOSReferenceAppTests.swift; sourceTree = "<group>"; };
		A0C0B52829508D870081AFFD /* iOSReferenceAppUITests.xctest */ = {isa = PBXFileReference; explicitFileType = wrapper.cfbundle; includeInIndex = 0; path = iOSReferenceAppUITests.xctest; sourceTree = BUILT_PRODUCTS_DIR; };
		A0C0B52C29508D870081AFFD /* iOSReferenceAppUITests.swift */ = {isa = PBXFileReference; lastKnownFileType = sourcecode.swift; path = iOSReferenceAppUITests.swift; sourceTree = "<group>"; };
		A0C0B52E29508D870081AFFD /* iOSReferenceAppUITestsLaunchTests.swift */ = {isa = PBXFileReference; lastKnownFileType = sourcecode.swift; path = iOSReferenceAppUITestsLaunchTests.swift; sourceTree = "<group>"; };
/* End PBXFileReference section */

/* Begin PBXFrameworksBuildPhase section */
		A0C0B50229508D840081AFFD /* Frameworks */ = {
			isa = PBXFrameworksBuildPhase;
			buildActionMask = 2147483647;
			files = (
			);
			runOnlyForDeploymentPostprocessing = 0;
		};
		A0C0B51B29508D870081AFFD /* Frameworks */ = {
			isa = PBXFrameworksBuildPhase;
			buildActionMask = 2147483647;
			files = (
			);
			runOnlyForDeploymentPostprocessing = 0;
		};
		A0C0B52529508D870081AFFD /* Frameworks */ = {
			isa = PBXFrameworksBuildPhase;
			buildActionMask = 2147483647;
			files = (
			);
			runOnlyForDeploymentPostprocessing = 0;
		};
/* End PBXFrameworksBuildPhase section */

/* Begin PBXGroup section */
		A0C0B4FC29508D840081AFFD = {
			isa = PBXGroup;
			children = (
				A0C0B50729508D840081AFFD /* iOSReferenceApp */,
				A0C0B52129508D870081AFFD /* iOSReferenceAppTests */,
				A0C0B52B29508D870081AFFD /* iOSReferenceAppUITests */,
				A0C0B50629508D840081AFFD /* Products */,
			);
			sourceTree = "<group>";
		};
		A0C0B50629508D840081AFFD /* Products */ = {
			isa = PBXGroup;
			children = (
				A0C0B50529508D840081AFFD /* iOSReferenceApp.app */,
				A0C0B51E29508D870081AFFD /* iOSReferenceAppTests.xctest */,
				A0C0B52829508D870081AFFD /* iOSReferenceAppUITests.xctest */,
			);
			name = Products;
			sourceTree = "<group>";
		};
		A0C0B50729508D840081AFFD /* iOSReferenceApp */ = {
			isa = PBXGroup;
			children = (
				A0C0B50829508D840081AFFD /* AppDelegate.swift */,
				A0C0B50A29508D840081AFFD /* SceneDelegate.swift */,
				A0C0B50C29508D840081AFFD /* ViewController.swift */,
				A0C0B50E29508D840081AFFD /* Main.storyboard */,
				A0C0B51429508D870081AFFD /* Assets.xcassets */,
				A0C0B51629508D870081AFFD /* LaunchScreen.storyboard */,
				A0C0B51929508D870081AFFD /* Info.plist */,
				A0C0B51129508D840081AFFD /* iOSReferenceApp.xcdatamodeld */,
			);
			path = iOSReferenceApp;
			sourceTree = "<group>";
		};
		A0C0B52129508D870081AFFD /* iOSReferenceAppTests */ = {
			isa = PBXGroup;
			children = (
				A0C0B52229508D870081AFFD /* iOSReferenceAppTests.swift */,
			);
			path = iOSReferenceAppTests;
			sourceTree = "<group>";
		};
		A0C0B52B29508D870081AFFD /* iOSReferenceAppUITests */ = {
			isa = PBXGroup;
			children = (
				A0C0B52C29508D870081AFFD /* iOSReferenceAppUITests.swift */,
				A0C0B52E29508D870081AFFD /* iOSReferenceAppUITestsLaunchTests.swift */,
			);
			path = iOSReferenceAppUITests;
			sourceTree = "<group>";
		};
/* End PBXGroup section */

/* Begin PBXNativeTarget section */
		A0C0B50429508D840081AFFD /* iOSReferenceApp */ = {
			isa = PBXNativeTarget;
			buildConfigurationList = A0C0B53229508D870081AFFD /* Build configuration list for PBXNativeTarget "iOSReferenceApp" */;
			buildPhases = (
				A0C0B50129508D840081AFFD /* Sources */,
				A0C0B50229508D840081AFFD /* Frameworks */,
				A0C0B50329508D840081AFFD /* Resources */,
			);
			buildRules = (
			);
			dependencies = (
			);
			name = iOSReferenceApp;
			productName = iOSReferenceApp;
			productReference = A0C0B50529508D840081AFFD /* iOSReferenceApp.app */;
			productType = "com.apple.product-type.application";
		};
		A0C0B51D29508D870081AFFD /* iOSReferenceAppTests */ = {
			isa = PBXNativeTarget;
			buildConfigurationList = A0C0B53529508D870081AFFD /* Build configuration list for PBXNativeTarget "iOSReferenceAppTests" */;
			buildPhases = (
				A0C0B51A29508D870081AFFD /* Sources */,
				A0C0B51B29508D870081AFFD /* Frameworks */,
				A0C0B51C29508D870081AFFD /* Resources */,
			);
			buildRules = (
			);
			dependencies = (
				A0C0B52029508D870081AFFD /* PBXTargetDependency */,
			);
			name = iOSReferenceAppTests;
			productName = iOSReferenceAppTests;
			productReference = A0C0B51E29508D870081AFFD /* iOSReferenceAppTests.xctest */;
			productType = "com.apple.product-type.bundle.unit-test";
		};
		A0C0B52729508D870081AFFD /* iOSReferenceAppUITests */ = {
			isa = PBXNativeTarget;
			buildConfigurationList = A0C0B53829508D870081AFFD /* Build configuration list for PBXNativeTarget "iOSReferenceAppUITests" */;
			buildPhases = (
				A0C0B52429508D870081AFFD /* Sources */,
				A0C0B52529508D870081AFFD /* Frameworks */,
				A0C0B52629508D870081AFFD /* Resources */,
			);
			buildRules = (
			);
			dependencies = (
				A0C0B52A29508D870081AFFD /* PBXTargetDependency */,
			);
			name = iOSReferenceAppUITests;
			productName = iOSReferenceAppUITests;
			productReference = A0C0B52829508D870081AFFD /* iOSReferenceAppUITests.xctest */;
			productType = "com.apple.product-type.bundle.ui-testing";
		};
/* End PBXNativeTarget section */

/* Begin PBXProject section */
		A0C0B4FD29508D840081AFFD /* Project object */ = {
			isa = PBXProject;
			attributes = {
				BuildIndependentTargetsInParallel = 1;
				LastSwiftUpdateCheck = 1420;
				LastUpgradeCheck = 1420;
				TargetAttributes = {
					A0C0B50429508D840081AFFD = {
						CreatedOnToolsVersion = 14.2;
					};
					A0C0B51D29508D870081AFFD = {
						CreatedOnToolsVersion = 14.2;
						TestTargetID = A0C0B50429508D840081AFFD;
					};
					A0C0B52729508D870081AFFD = {
						CreatedOnToolsVersion = 14.2;
						TestTargetID = A0C0B50429508D840081AFFD;
					};
				};
			};
			buildConfigurationList = A0C0B50029508D840081AFFD /* Build configuration list for PBXProject "iOSReferenceApp" */;
			compatibilityVersion = "Xcode 14.0";
			developmentRegion = en;
			hasScannedForEncodings = 0;
			knownRegions = (
				en,
				Base,
			);
			mainGroup = A0C0B4FC29508D840081AFFD;
			productRefGroup = A0C0B50629508D840081AFFD /* Products */;
			projectDirPath = "";
			projectRoot = "";
			targets = (
				A0C0B50429508D840081AFFD /* iOSReferenceApp */,
				A0C0B51D29508D870081AFFD /* iOSReferenceAppTests */,
				A0C0B52729508D870081AFFD /* iOSReferenceAppUITests */,
			);
		};
/* End PBXProject section */

/* Begin PBXResourcesBuildPhase section */
		A0C0B50329508D840081AFFD /* Resources */ = {
			isa = PBXResourcesBuildPhase;
			buildActionMask = 2147483647;
			files = (
				A0C0B51829508D870081AFFD /* LaunchScreen.storyboard in Resources */,
				A0C0B51529508D870081AFFD /* Assets.xcassets in Resources */,
				A0C0B51029508D840081AFFD /* Main.storyboard in Resources */,
			);
			runOnlyForDeploymentPostprocessing = 0;
		};
		A0C0B51C29508D870081AFFD /* Resources */ = {
			isa = PBXResourcesBuildPhase;
			buildActionMask = 2147483647;
			files = (
			);
			runOnlyForDeploymentPostprocessing = 0;
		};
		A0C0B52629508D870081AFFD /* Resources */ = {
			isa = PBXResourcesBuildPhase;
			buildActionMask = 2147483647;
			files = (
			);
			runOnlyForDeploymentPostprocessing = 0;
		};
/* End PBXResourcesBuildPhase section */

/* Begin PBXSourcesBuildPhase section */
		A0C0B50129508D840081AFFD /* Sources */ = {
			isa = PBXSourcesBuildPhase;
			buildActionMask = 2147483647;
			files = (
				A0C0B50D29508D840081AFFD /* ViewController.swift in Sources */,
				A0C0B50929508D840081AFFD /* AppDelegate.swift in Sources */,
				A0C0B50B29508D840081AFFD /* SceneDelegate.swift in Sources */,
				A0C0B51329508D840081AFFD /* iOSReferenceApp.xcdatamodeld in Sources */,
			);
			runOnlyForDeploymentPostprocessing = 0;
		};
		A0C0B51A29508D870081AFFD /* Sources */ = {
			isa = PBXSourcesBuildPhase;
			buildActionMask = 2147483647;
			files = (
				A0C0B52329508D870081AFFD /* iOSReferenceAppTests.swift in Sources */,
			);
			runOnlyForDeploymentPostprocessing = 0;
		};
		A0C0B52429508D870081AFFD /* Sources */ = {
			isa = PBXSourcesBuildPhase;
			buildActionMask = 2147483647;
			files = (
				A0C0B52F29508D870081AFFD /* iOSReferenceAppUITestsLaunchTests.swift in Sources */,
				A0C0B52D29508D870081AFFD /* iOSReferenceAppUITests.swift in Sources */,
			);
			runOnlyForDeploymentPostprocessing = 0;
		};
/* End PBXSourcesBuildPhase section */

/* Begin PBXTargetDependency section */
		A0C0B52029508D870081AFFD /* PBXTargetDependency */ = {
			isa = PBXTargetDependency;
			target = A0C0B50429508D840081AFFD /* iOSReferenceApp */;
			targetProxy = A0C0B51F29508D870081AFFD /* PBXContainerItemProxy */;
		};
		A0C0B52A29508D870081AFFD /* PBXTargetDependency */ = {
			isa = PBXTargetDependency;
			target = A0C0B50429508D840081AFFD /* iOSReferenceApp */;
			targetProxy = A0C0B52929508D870081AFFD /* PBXContainerItemProxy */;
		};
/* End PBXTargetDependency section */

/* Begin PBXVariantGroup section */
		A0C0B50E29508D840081AFFD /* Main.storyboard */ = {
			isa = PBXVariantGroup;
			children = (
				A0C0B50F29508D840081AFFD /* Base */,
			);
			name = Main.storyboard;
			sourceTree = "<group>";
		};
		A0C0B51629508D870081AFFD /* LaunchScreen.storyboard */ = {
			isa = PBXVariantGroup;
			children = (
				A0C0B51729508D870081AFFD /* Base */,
			);
			name = LaunchScreen.storyboard;
			sourceTree = "<group>";
		};
/* End PBXVariantGroup section */

/* Begin XCBuildConfiguration section */
		A0C0B53029508D870081AFFD /* Debug */ = {
			isa = XCBuildConfiguration;
			buildSettings = {
				ALWAYS_SEARCH_USER_PATHS = NO;
				CLANG_ANALYZER_NONNULL = YES;
				CLANG_ANALYZER_NUMBER_OBJECT_CONVERSION = YES_AGGRESSIVE;
				CLANG_CXX_LANGUAGE_STANDARD = "gnu++20";
				CLANG_ENABLE_MODULES = YES;
				CLANG_ENABLE_OBJC_ARC = YES;
				CLANG_ENABLE_OBJC_WEAK = YES;
				CLANG_WARN_BLOCK_CAPTURE_AUTORELEASING = YES;
				CLANG_WARN_BOOL_CONVERSION = YES;
				CLANG_WARN_COMMA = YES;
				CLANG_WARN_CONSTANT_CONVERSION = YES;
				CLANG_WARN_DEPRECATED_OBJC_IMPLEMENTATIONS = YES;
				CLANG_WARN_DIRECT_OBJC_ISA_USAGE = YES_ERROR;
				CLANG_WARN_DOCUMENTATION_COMMENTS = YES;
				CLANG_WARN_EMPTY_BODY = YES;
				CLANG_WARN_ENUM_CONVERSION = YES;
				CLANG_WARN_INFINITE_RECURSION = YES;
				CLANG_WARN_INT_CONVERSION = YES;
				CLANG_WARN_NON_LITERAL_NULL_CONVERSION = YES;
				CLANG_WARN_OBJC_IMPLICIT_RETAIN_SELF = YES;
				CLANG_WARN_OBJC_LITERAL_CONVERSION = YES;
				CLANG_WARN_OBJC_ROOT_CLASS = YES_ERROR;
				CLANG_WARN_QUOTED_INCLUDE_IN_FRAMEWORK_HEADER = YES;
				CLANG_WARN_RANGE_LOOP_ANALYSIS = YES;
				CLANG_WARN_STRICT_PROTOTYPES = YES;
				CLANG_WARN_SUSPICIOUS_MOVE = YES;
				CLANG_WARN_UNGUARDED_AVAILABILITY = YES_AGGRESSIVE;
				CLANG_WARN_UNREACHABLE_CODE = YES;
				CLANG_WARN__DUPLICATE_METHOD_MATCH = YES;
				COPY_PHASE_STRIP = NO;
				DEBUG_INFORMATION_FORMAT = dwarf;
				ENABLE_STRICT_OBJC_MSGSEND = YES;
				ENABLE_TESTABILITY = YES;
				GCC_C_LANGUAGE_STANDARD = gnu11;
				GCC_DYNAMIC_NO_PIC = NO;
				GCC_NO_COMMON_BLOCKS = YES;
				GCC_OPTIMIZATION_LEVEL = 0;
				GCC_PREPROCESSOR_DEFINITIONS = (
					"DEBUG=1",
					"$(inherited)",
				);
				GCC_WARN_64_TO_32_BIT_CONVERSION = YES;
				GCC_WARN_ABOUT_RETURN_TYPE = YES_ERROR;
				GCC_WARN_UNDECLARED_SELECTOR = YES;
				GCC_WARN_UNINITIALIZED_AUTOS = YES_AGGRESSIVE;
				GCC_WARN_UNUSED_FUNCTION = YES;
				GCC_WARN_UNUSED_VARIABLE = YES;
				IPHONEOS_DEPLOYMENT_TARGET = 16.2;
				MTL_ENABLE_DEBUG_INFO = INCLUDE_SOURCE;
				MTL_FAST_MATH = YES;
				ONLY_ACTIVE_ARCH = YES;
				SDKROOT = iphoneos;
				SWIFT_ACTIVE_COMPILATION_CONDITIONS = DEBUG;
				SWIFT_OPTIMIZATION_LEVEL = "-Onone";
			};
			name = Debug;
		};
		A0C0B53129508D870081AFFD /* Release */ = {
			isa = XCBuildConfiguration;
			buildSettings = {
				ALWAYS_SEARCH_USER_PATHS = NO;
				CLANG_ANALYZER_NONNULL = YES;
				CLANG_ANALYZER_NUMBER_OBJECT_CONVERSION = YES_AGGRESSIVE;
				CLANG_CXX_LANGUAGE_STANDARD = "gnu++20";
				CLANG_ENABLE_MODULES = YES;
				CLANG_ENABLE_OBJC_ARC = YES;
				CLANG_ENABLE_OBJC_WEAK = YES;
				CLANG_WARN_BLOCK_CAPTURE_AUTORELEASING = YES;
				CLANG_WARN_BOOL_CONVERSION = YES;
				CLANG_WARN_COMMA = YES;
				CLANG_WARN_CONSTANT_CONVERSION = YES;
				CLANG_WARN_DEPRECATED_OBJC_IMPLEMENTATIONS = YES;
				CLANG_WARN_DIRECT_OBJC_ISA_USAGE = YES_ERROR;
				CLANG_WARN_DOCUMENTATION_COMMENTS = YES;
				CLANG_WARN_EMPTY_BODY = YES;
				CLANG_WARN_ENUM_CONVERSION = YES;
				CLANG_WARN_INFINITE_RECURSION = YES;
				CLANG_WARN_INT_CONVERSION = YES;
				CLANG_WARN_NON_LITERAL_NULL_CONVERSION = YES;
				CLANG_WARN_OBJC_IMPLICIT_RETAIN_SELF = YES;
				CLANG_WARN_OBJC_LITERAL_CONVERSION = YES;
				CLANG_WARN_OBJC_ROOT_CLASS = YES_ERROR;
				CLANG_WARN_QUOTED_INCLUDE_IN_FRAMEWORK_HEADER = YES;
				CLANG_WARN_RANGE_LOOP_ANALYSIS = YES;
				CLANG_WARN_STRICT_PROTOTYPES = YES;
				CLANG_WARN_SUSPICIOUS_MOVE = YES;
				CLANG_WARN_UNGUARDED_AVAILABILITY = YES_AGGRESSIVE;
				CLANG_WARN_UNREACHABLE_CODE = YES;
				CLANG_WARN__DUPLICATE_METHOD_MATCH = YES;
				COPY_PHASE_STRIP = NO;
				DEBUG_INFORMATION_FORMAT = "dwarf-with-dsym";
				ENABLE_NS_ASSERTIONS = NO;
				ENABLE_STRICT_OBJC_MSGSEND = YES;
				GCC_C_LANGUAGE_STANDARD = gnu11;
				GCC_NO_COMMON_BLOCKS = YES;
				GCC_WARN_64_TO_32_BIT_CONVERSION = YES;
				GCC_WARN_ABOUT_RETURN_TYPE = YES_ERROR;
				GCC_WARN_UNDECLARED_SELECTOR = YES;
				GCC_WARN_UNINITIALIZED_AUTOS = YES_AGGRESSIVE;
				GCC_WARN_UNUSED_FUNCTION = YES;
				GCC_WARN_UNUSED_VARIABLE = YES;
				IPHONEOS_DEPLOYMENT_TARGET = 16.2;
				MTL_ENABLE_DEBUG_INFO = NO;
				MTL_FAST_MATH = YES;
				SDKROOT = iphoneos;
				SWIFT_COMPILATION_MODE = wholemodule;
				SWIFT_OPTIMIZATION_LEVEL = "-O";
				VALIDATE_PRODUCT = YES;
			};
			name = Release;
		};
		A0C0B53329508D870081AFFD /* Debug */ = {
			isa = XCBuildConfiguration;
			buildSettings = {
				ASSETCATALOG_COMPILER_APPICON_NAME = AppIcon;
				ASSETCATALOG_COMPILER_GLOBAL_ACCENT_COLOR_NAME = AccentColor;
				CODE_SIGN_STYLE = Automatic;
				CURRENT_PROJECT_VERSION = 1;
				DEVELOPMENT_TEAM = 4PT6CAVL6A;
				GENERATE_INFOPLIST_FILE = YES;
				INFOPLIST_FILE = iOSReferenceApp/Info.plist;
				INFOPLIST_KEY_UIApplicationSupportsIndirectInputEvents = YES;
				INFOPLIST_KEY_UILaunchStoryboardName = LaunchScreen;
				INFOPLIST_KEY_UIMainStoryboardFile = Main;
				INFOPLIST_KEY_UISupportedInterfaceOrientations_iPad = "UIInterfaceOrientationPortrait UIInterfaceOrientationPortraitUpsideDown UIInterfaceOrientationLandscapeLeft UIInterfaceOrientationLandscapeRight";
				INFOPLIST_KEY_UISupportedInterfaceOrientations_iPhone = "UIInterfaceOrientationPortrait UIInterfaceOrientationLandscapeLeft UIInterfaceOrientationLandscapeRight";
				LD_RUNPATH_SEARCH_PATHS = (
					"$(inherited)",
					"@executable_path/Frameworks",
				);
				MARKETING_VERSION = 1.0;
				PRODUCT_BUNDLE_IDENTIFIER = io.moost.iOSReferenceApp;
				PRODUCT_NAME = "$(TARGET_NAME)";
				SWIFT_EMIT_LOC_STRINGS = YES;
				SWIFT_VERSION = 5.0;
				TARGETED_DEVICE_FAMILY = "1,2";
			};
			name = Debug;
		};
		A0C0B53429508D870081AFFD /* Release */ = {
			isa = XCBuildConfiguration;
			buildSettings = {
				ASSETCATALOG_COMPILER_APPICON_NAME = AppIcon;
				ASSETCATALOG_COMPILER_GLOBAL_ACCENT_COLOR_NAME = AccentColor;
				CODE_SIGN_STYLE = Automatic;
				CURRENT_PROJECT_VERSION = 1;
				DEVELOPMENT_TEAM = 4PT6CAVL6A;
				GENERATE_INFOPLIST_FILE = YES;
				INFOPLIST_FILE = iOSReferenceApp/Info.plist;
				INFOPLIST_KEY_UIApplicationSupportsIndirectInputEvents = YES;
				INFOPLIST_KEY_UILaunchStoryboardName = LaunchScreen;
				INFOPLIST_KEY_UIMainStoryboardFile = Main;
				INFOPLIST_KEY_UISupportedInterfaceOrientations_iPad = "UIInterfaceOrientationPortrait UIInterfaceOrientationPortraitUpsideDown UIInterfaceOrientationLandscapeLeft UIInterfaceOrientationLandscapeRight";
				INFOPLIST_KEY_UISupportedInterfaceOrientations_iPhone = "UIInterfaceOrientationPortrait UIInterfaceOrientationLandscapeLeft UIInterfaceOrientationLandscapeRight";
				LD_RUNPATH_SEARCH_PATHS = (
					"$(inherited)",
					"@executable_path/Frameworks",
				);
				MARKETING_VERSION = 1.0;
				PRODUCT_BUNDLE_IDENTIFIER = io.moost.iOSReferenceApp;
				PRODUCT_NAME = "$(TARGET_NAME)";
				SWIFT_EMIT_LOC_STRINGS = YES;
				SWIFT_VERSION = 5.0;
				TARGETED_DEVICE_FAMILY = "1,2";
			};
			name = Release;
		};
		A0C0B53629508D870081AFFD /* Debug */ = {
			isa = XCBuildConfiguration;
			buildSettings = {
				ALWAYS_EMBED_SWIFT_STANDARD_LIBRARIES = YES;
				BUNDLE_LOADER = "$(TEST_HOST)";
				CODE_SIGN_STYLE = Automatic;
				CURRENT_PROJECT_VERSION = 1;
				DEVELOPMENT_TEAM = 4PT6CAVL6A;
				GENERATE_INFOPLIST_FILE = YES;
				IPHONEOS_DEPLOYMENT_TARGET = 16.2;
				MARKETING_VERSION = 1.0;
				PRODUCT_BUNDLE_IDENTIFIER = io.moost.iOSReferenceAppTests;
				PRODUCT_NAME = "$(TARGET_NAME)";
				SWIFT_EMIT_LOC_STRINGS = NO;
				SWIFT_VERSION = 5.0;
				TARGETED_DEVICE_FAMILY = "1,2";
				TEST_HOST = "$(BUILT_PRODUCTS_DIR)/iOSReferenceApp.app/$(BUNDLE_EXECUTABLE_FOLDER_PATH)/iOSReferenceApp";
			};
			name = Debug;
		};
		A0C0B53729508D870081AFFD /* Release */ = {
			isa = XCBuildConfiguration;
			buildSettings = {
				ALWAYS_EMBED_SWIFT_STANDARD_LIBRARIES = YES;
				BUNDLE_LOADER = "$(TEST_HOST)";
				CODE_SIGN_STYLE = Automatic;
				CURRENT_PROJECT_VERSION = 1;
				DEVELOPMENT_TEAM = 4PT6CAVL6A;
				GENERATE_INFOPLIST_FILE = YES;
				IPHONEOS_DEPLOYMENT_TARGET = 16.2;
				MARKETING_VERSION = 1.0;
				PRODUCT_BUNDLE_IDENTIFIER = io.moost.iOSReferenceAppTests;
				PRODUCT_NAME = "$(TARGET_NAME)";
				SWIFT_EMIT_LOC_STRINGS = NO;
				SWIFT_VERSION = 5.0;
				TARGETED_DEVICE_FAMILY = "1,2";
				TEST_HOST = "$(BUILT_PRODUCTS_DIR)/iOSReferenceApp.app/$(BUNDLE_EXECUTABLE_FOLDER_PATH)/iOSReferenceApp";
			};
			name = Release;
		};
		A0C0B53929508D870081AFFD /* Debug */ = {
			isa = XCBuildConfiguration;
			buildSettings = {
				ALWAYS_EMBED_SWIFT_STANDARD_LIBRARIES = YES;
				CODE_SIGN_STYLE = Automatic;
				CURRENT_PROJECT_VERSION = 1;
				DEVELOPMENT_TEAM = 4PT6CAVL6A;
				GENERATE_INFOPLIST_FILE = YES;
				MARKETING_VERSION = 1.0;
				PRODUCT_BUNDLE_IDENTIFIER = io.moost.iOSReferenceAppUITests;
				PRODUCT_NAME = "$(TARGET_NAME)";
				SWIFT_EMIT_LOC_STRINGS = NO;
				SWIFT_VERSION = 5.0;
				TARGETED_DEVICE_FAMILY = "1,2";
				TEST_TARGET_NAME = iOSReferenceApp;
			};
			name = Debug;
		};
		A0C0B53A29508D870081AFFD /* Release */ = {
			isa = XCBuildConfiguration;
			buildSettings = {
				ALWAYS_EMBED_SWIFT_STANDARD_LIBRARIES = YES;
				CODE_SIGN_STYLE = Automatic;
				CURRENT_PROJECT_VERSION = 1;
				DEVELOPMENT_TEAM = 4PT6CAVL6A;
				GENERATE_INFOPLIST_FILE = YES;
				MARKETING_VERSION = 1.0;
				PRODUCT_BUNDLE_IDENTIFIER = io.moost.iOSReferenceAppUITests;
				PRODUCT_NAME = "$(TARGET_NAME)";
				SWIFT_EMIT_LOC_STRINGS = NO;
				SWIFT_VERSION = 5.0;
				TARGETED_DEVICE_FAMILY = "1,2";
				TEST_TARGET_NAME = iOSReferenceApp;
			};
			name = Release;
		};
/* End XCBuildConfiguration section */

/* Begin XCConfigurationList section */
		A0C0B50029508D840081AFFD /* Build configuration list for PBXProject "iOSReferenceApp" */ = {
			isa = XCConfigurationList;
			buildConfigurations = (
				A0C0B53029508D870081AFFD /* Debug */,
				A0C0B53129508D870081AFFD /* Release */,
			);
			defaultConfigurationIsVisible = 0;
			defaultConfigurationName = Release;
		};
		A0C0B53229508D870081AFFD /* Build configuration list for PBXNativeTarget "iOSReferenceApp" */ = {
			isa = XCConfigurationList;
			buildConfigurations = (
				A0C0B53329508D870081AFFD /* Debug */,
				A0C0B53429508D870081AFFD /* Release */,
			);
			defaultConfigurationIsVisible = 0;
			defaultConfigurationName = Release;
		};
		A0C0B53529508D870081AFFD /* Build configuration list for PBXNativeTarget "iOSReferenceAppTests" */ = {
			isa = XCConfigurationList;
			buildConfigurations = (
				A0C0B53629508D870081AFFD /* Debug */,
				A0C0B53729508D870081AFFD /* Release */,
			);
			defaultConfigurationIsVisible = 0;
			defaultConfigurationName = Release;
		};
		A0C0B53829508D870081AFFD /* Build configuration list for PBXNativeTarget "iOSReferenceAppUITests" */ = {
			isa = XCConfigurationList;
			buildConfigurations = (
				A0C0B53929508D870081AFFD /* Debug */,
				A0C0B53A29508D870081AFFD /* Release */,
			);
			defaultConfigurationIsVisible = 0;
			defaultConfigurationName = Release;
		};
/* End XCConfigurationList section */

/* Begin XCVersionGroup section */
		A0C0B51129508D840081AFFD /* iOSReferenceApp.xcdatamodeld */ = {
			isa = XCVersionGroup;
			children = (
				A0C0B51229508D840081AFFD /* iOSReferenceApp.xcdatamodel */,
			);
			currentVersion = A0C0B51229508D840081AFFD /* iOSReferenceApp.xcdatamodel */;
			path = iOSReferenceApp.xcdatamodeld;
			sourceTree = "<group>";
			versionGroupType = wrapper.xcdatamodel;
		};
/* End XCVersionGroup section */
	};
	rootObject = A0C0B4FD29508D840081AFFD /* Project object */;
}
